Microsoft Visual Studio Solution File, Format Version 11.00
# Visual Studio 2008

Project("{F4C084CB-5A2D-CC91-0982-BAC9E6D64214}") = "MiniclipAdsSample", "Assembly-CSharp.csproj", "{F757BD88-4FDD-934C-CB17-60049808E659}"
EndProject
Global
	GlobalSection(SolutionConfigurationPlatforms) = preSolution
		Debug|Any CPU = Debug|Any CPU
		Release|Any CPU = Release|Any CPU
	EndGlobalSection
	GlobalSection(ProjectConfigurationPlatforms) = postSolution
		{F757BD88-4FDD-934C-CB17-60049808E659}.Debug|Any CPU.ActiveCfg = Debug|Any CPU
		{F757BD88-4FDD-934C-CB17-60049808E659}.Debug|Any CPU.Build.0 = Debug|Any CPU
		{F757BD88-4FDD-934C-CB17-60049808E659}.Release|Any CPU.ActiveCfg = Release|Any CPU
		{F757BD88-4FDD-934C-CB17-60049808E659}.Release|Any CPU.Build.0 = Release|Any CPU
	EndGlobalSection
	GlobalSection(SolutionProperties) = preSolution
		HideSolutionNode = FALSE
	EndGlobalSection
	GlobalSection(MonoDevelopProperties) = preSolution
		StartupItem = Assembly-CSharp.csproj
	EndGlobalSection
EndGlobal
